{
  "originHash" : "6975247d7e0ffe4d7ae4855fea18ca119842962802e7f5849c25984a8c89d041",
  "pins" : [
    {
      "identity" : "swiftlintplugins",
      "kind" : "remoteSourceControl",
      "location" : "https://github.com/SimplyDanny/SwiftLintPlugins",
      "state" : {
        "revision" : "8545ddf4de043e6f2051c5cf204f39ef778ebf6b",
        "version" : "0.59.1"
      }
    },
    {
      "identity" : "swiftsoup",
      "kind" : "remoteSourceControl",
      "location" : "https://github.com/scinfu/SwiftSoup.git",
      "state" : {
        "revision" : "04a5da442816f764b2a8513c38420b4e6605145b",
        "version" : "2.10.1"
      }
    },
    {
      "identity" : "wasm3",
      "kind" : "remoteSourceControl",
      "location" : "https://github.com/Skittyblock/Wasm3",
      "state" : {
        "branch" : "main",
        "revision" : "565f4858aa59976ab27719ec02238524eb27030d"
      }
    }
  ],
  "version" : 3
}
