{
  "originHash" : "f31e6c3cf744ceeac40b932987c8407eb63abdb9d3112e7c4dbeb68e9167b1b2",
  "pins" : [
    {
      "identity" : "swiftlintplugins",
      "kind" : "remoteSourceControl",
      "location" : "https://github.com/SimplyDanny/SwiftLintPlugins",
      "state" : {
        "revision" : "8545ddf4de043e6f2051c5cf204f39ef778ebf6b",
        "version" : "0.59.1"
      }
    },
    {
      "identity" : "swiftsoup",
      "kind" : "remoteSourceControl",
      "location" : "https://github.com/scinfu/SwiftSoup.git",
      "state" : {
        "revision" : "6b4930da67b462d3f200472c902dd016d37a554d",
        "version" : "2.7.7"
      }
    },
    {
      "identity" : "wasm3",
      "kind" : "remoteSourceControl",
      "location" : "https://github.com/Skittyblock/Wasm3",
      "state" : {
        "branch" : "main",
        "revision" : "42b044199dee4ee3e69215bfba1ecf35724e1911"
      }
    }
  ],
  "version" : 3
}
