{
  "originHash" : "786ea7661424eb3ab3127d77f910b441647ff35155f787eb758ea287af547d47",
  "pins" : [
    {
      "identity" : "swiftlintplugins",
      "kind" : "remoteSourceControl",
      "location" : "https://github.com/SimplyDanny/SwiftLintPlugins",
      "state" : {
        "revision" : "18d8d2d18e1668006d1d209e0b5f5e06c1da7cb5",
        "version" : "0.63.3"
      }
    },
    {
      "identity" : "swiftsoup",
      "kind" : "remoteSourceControl",
      "location" : "https://github.com/scinfu/SwiftSoup.git",
      "state" : {
        "revision" : "49dcadd93161f4a44b4994d3a3e8de9f085aface",
        "version" : "2.13.5"
      }
    },
    {
      "identity" : "wasm3",
      "kind" : "remoteSourceControl",
      "location" : "https://github.com/Skittyblock/Wasm3",
      "state" : {
        "branch" : "main",
        "revision" : "8c0e4ef3dec8e88a94c19959c3fe100cf50c548b"
      }
    }
  ],
  "version" : 3
}
